
Microsoft Visual Studio Solution File, Format Version 12.00
# Visual Studio Version 17
VisualStudioVersion = 17.5.33414.496
MinimumVisualStudioVersion = 10.0.40219.1
Project("{9A19103F-16F7-4668-BE54-9A1E7A4F7556}") = "BlazorApp", "BlazorApp\BlazorApp.csproj", "{8C6F97ED-BCC7-42D1-83A6-5BA7C6AA8344}"
EndProject
Project("{FAE04EC0-301F-11D3-BF4B-00C04F79EFBC}") = "Validation", "Validation\Validation.csproj", "{A1AF77FD-A016-420B-A596-633B0491B612}"
EndProject
Global
	GlobalSection(SolutionConfigurationPlatforms) = preSolution
		Debug|Any CPU = Debug|Any CPU
		Release|Any CPU = Release|Any CPU
	EndGlobalSection
	GlobalSection(ProjectConfigurationPlatforms) = postSolution
		{8C6F97ED-BCC7-42D1-83A6-5BA7C6AA8344}.Debug|Any CPU.ActiveCfg = Debug|Any CPU
		{8C6F97ED-BCC7-42D1-83A6-5BA7C6AA8344}.Debug|Any CPU.Build.0 = Debug|Any CPU
		{8C6F97ED-BCC7-42D1-83A6-5BA7C6AA8344}.Release|Any CPU.ActiveCfg = Release|Any CPU
		{8C6F97ED-BCC7-42D1-83A6-5BA7C6AA8344}.Release|Any CPU.Build.0 = Release|Any CPU
		{A1AF77FD-A016-420B-A596-633B0491B612}.Debug|Any CPU.ActiveCfg = Debug|Any CPU
		{A1AF77FD-A016-420B-A596-633B0491B612}.Debug|Any CPU.Build.0 = Debug|Any CPU
		{A1AF77FD-A016-420B-A596-633B0491B612}.Release|Any CPU.ActiveCfg = Release|Any CPU
		{A1AF77FD-A016-420B-A596-633B0491B612}.Release|Any CPU.Build.0 = Release|Any CPU
	EndGlobalSection
	GlobalSection(SolutionProperties) = preSolution
		HideSolutionNode = FALSE
	EndGlobalSection
	GlobalSection(ExtensibilityGlobals) = postSolution
		SolutionGuid = {C2FB4508-79C0-4FBD-9584-399C24A63961}
	EndGlobalSection
EndGlobal
